PODS:
  - GoogleMaps (2.3.1):
    - GoogleMaps/Maps (= 2.3.1)
  - GoogleMaps/Base (2.3.1)
  - GoogleMaps/Maps (2.3.1):
    - GoogleMaps/Base
  - PopupDialog (0.5.4)
  - ReachabilitySwift (3)

DEPENDENCIES:
  - GoogleMaps
  - PopupDialog
  - ReachabilitySwift (~> 3)

SPEC CHECKSUMS:
  GoogleMaps: c66a71058b9b1294bcdd5463a68e357fa50c079f
  PopupDialog: 75cf955693590b0cb2fdde00223fb65d99c57247
  ReachabilitySwift: f5b9bb30a0777fac8f09ce8b067e32faeb29bb64

PODFILE CHECKSUM: 9f28d242635a4cdd4ca80fd99951df375e03abe5

COCOAPODS: 1.2.0
